
Microsoft Visual Studio Solution File, Format Version 12.00
# Visual Studio 15
VisualStudioVersion = 15.0.26124.0
MinimumVisualStudioVersion = 15.0.26124.0
Project("{FAE04EC0-301F-11D3-BF4B-00C04F79EFBC}") = "Pacoco.Application", "Pacoco.Application\Pacoco.Application.csproj", "{77B7AF64-7BEB-465F-8CDF-6C593D9CAD33}"
EndProject
Project("{FAE04EC0-301F-11D3-BF4B-00C04F79EFBC}") = "Pacoco.Domain", "Pacoco.Domain\Pacoco.Domain.csproj", "{46AFC26B-22D2-45EE-9200-7965D9A67151}"
EndProject
Project("{FAE04EC0-301F-11D3-BF4B-00C04F79EFBC}") = "Pacoco.Persistence", "Pacoco.persistence\Pacoco.Persistence.csproj", "{D30FB9D0-8F78-4700-B2D0-BA34546C57B7}"
EndProject
Project("{FAE04EC0-301F-11D3-BF4B-00C04F79EFBC}") = "PacocoBack", "PacocoBack\PacocoBack.csproj", "{D89779C8-4B6E-4BFF-9B84-63AB1F88BEF5}"
EndProject
Global
	GlobalSection(SolutionConfigurationPlatforms) = preSolution
		Debug|Any CPU = Debug|Any CPU
		Debug|x64 = Debug|x64
		Debug|x86 = Debug|x86
		Release|Any CPU = Release|Any CPU
		Release|x64 = Release|x64
		Release|x86 = Release|x86
	EndGlobalSection
	GlobalSection(SolutionProperties) = preSolution
		HideSolutionNode = FALSE
	EndGlobalSection
	GlobalSection(ProjectConfigurationPlatforms) = postSolution
		{77B7AF64-7BEB-465F-8CDF-6C593D9CAD33}.Debug|Any CPU.ActiveCfg = Debug|Any CPU
		{77B7AF64-7BEB-465F-8CDF-6C593D9CAD33}.Debug|Any CPU.Build.0 = Debug|Any CPU
		{77B7AF64-7BEB-465F-8CDF-6C593D9CAD33}.Debug|x64.ActiveCfg = Debug|Any CPU
		{77B7AF64-7BEB-465F-8CDF-6C593D9CAD33}.Debug|x64.Build.0 = Debug|Any CPU
		{77B7AF64-7BEB-465F-8CDF-6C593D9CAD33}.Debug|x86.ActiveCfg = Debug|Any CPU
		{77B7AF64-7BEB-465F-8CDF-6C593D9CAD33}.Debug|x86.Build.0 = Debug|Any CPU
		{77B7AF64-7BEB-465F-8CDF-6C593D9CAD33}.Release|Any CPU.ActiveCfg = Release|Any CPU
		{77B7AF64-7BEB-465F-8CDF-6C593D9CAD33}.Release|Any CPU.Build.0 = Release|Any CPU
		{77B7AF64-7BEB-465F-8CDF-6C593D9CAD33}.Release|x64.ActiveCfg = Release|Any CPU
		{77B7AF64-7BEB-465F-8CDF-6C593D9CAD33}.Release|x64.Build.0 = Release|Any CPU
		{77B7AF64-7BEB-465F-8CDF-6C593D9CAD33}.Release|x86.ActiveCfg = Release|Any CPU
		{77B7AF64-7BEB-465F-8CDF-6C593D9CAD33}.Release|x86.Build.0 = Release|Any CPU
		{46AFC26B-22D2-45EE-9200-7965D9A67151}.Debug|Any CPU.ActiveCfg = Debug|Any CPU
		{46AFC26B-22D2-45EE-9200-7965D9A67151}.Debug|Any CPU.Build.0 = Debug|Any CPU
		{46AFC26B-22D2-45EE-9200-7965D9A67151}.Debug|x64.ActiveCfg = Debug|Any CPU
		{46AFC26B-22D2-45EE-9200-7965D9A67151}.Debug|x64.Build.0 = Debug|Any CPU
		{46AFC26B-22D2-45EE-9200-7965D9A67151}.Debug|x86.ActiveCfg = Debug|Any CPU
		{46AFC26B-22D2-45EE-9200-7965D9A67151}.Debug|x86.Build.0 = Debug|Any CPU
		{46AFC26B-22D2-45EE-9200-7965D9A67151}.Release|Any CPU.ActiveCfg = Release|Any CPU
		{46AFC26B-22D2-45EE-9200-7965D9A67151}.Release|Any CPU.Build.0 = Release|Any CPU
		{46AFC26B-22D2-45EE-9200-7965D9A67151}.Release|x64.ActiveCfg = Release|Any CPU
		{46AFC26B-22D2-45EE-9200-7965D9A67151}.Release|x64.Build.0 = Release|Any CPU
		{46AFC26B-22D2-45EE-9200-7965D9A67151}.Release|x86.ActiveCfg = Release|Any CPU
		{46AFC26B-22D2-45EE-9200-7965D9A67151}.Release|x86.Build.0 = Release|Any CPU
		{D30FB9D0-8F78-4700-B2D0-BA34546C57B7}.Debug|Any CPU.ActiveCfg = Debug|Any CPU
		{D30FB9D0-8F78-4700-B2D0-BA34546C57B7}.Debug|Any CPU.Build.0 = Debug|Any CPU
		{D30FB9D0-8F78-4700-B2D0-BA34546C57B7}.Debug|x64.ActiveCfg = Debug|Any CPU
		{D30FB9D0-8F78-4700-B2D0-BA34546C57B7}.Debug|x64.Build.0 = Debug|Any CPU
		{D30FB9D0-8F78-4700-B2D0-BA34546C57B7}.Debug|x86.ActiveCfg = Debug|Any CPU
		{D30FB9D0-8F78-4700-B2D0-BA34546C57B7}.Debug|x86.Build.0 = Debug|Any CPU
		{D30FB9D0-8F78-4700-B2D0-BA34546C57B7}.Release|Any CPU.ActiveCfg = Release|Any CPU
		{D30FB9D0-8F78-4700-B2D0-BA34546C57B7}.Release|Any CPU.Build.0 = Release|Any CPU
		{D30FB9D0-8F78-4700-B2D0-BA34546C57B7}.Release|x64.ActiveCfg = Release|Any CPU
		{D30FB9D0-8F78-4700-B2D0-BA34546C57B7}.Release|x64.Build.0 = Release|Any CPU
		{D30FB9D0-8F78-4700-B2D0-BA34546C57B7}.Release|x86.ActiveCfg = Release|Any CPU
		{D30FB9D0-8F78-4700-B2D0-BA34546C57B7}.Release|x86.Build.0 = Release|Any CPU
		{D89779C8-4B6E-4BFF-9B84-63AB1F88BEF5}.Debug|Any CPU.ActiveCfg = Debug|Any CPU
		{D89779C8-4B6E-4BFF-9B84-63AB1F88BEF5}.Debug|Any CPU.Build.0 = Debug|Any CPU
		{D89779C8-4B6E-4BFF-9B84-63AB1F88BEF5}.Debug|x64.ActiveCfg = Debug|Any CPU
		{D89779C8-4B6E-4BFF-9B84-63AB1F88BEF5}.Debug|x64.Build.0 = Debug|Any CPU
		{D89779C8-4B6E-4BFF-9B84-63AB1F88BEF5}.Debug|x86.ActiveCfg = Debug|Any CPU
		{D89779C8-4B6E-4BFF-9B84-63AB1F88BEF5}.Debug|x86.Build.0 = Debug|Any CPU
		{D89779C8-4B6E-4BFF-9B84-63AB1F88BEF5}.Release|Any CPU.ActiveCfg = Release|Any CPU
		{D89779C8-4B6E-4BFF-9B84-63AB1F88BEF5}.Release|Any CPU.Build.0 = Release|Any CPU
		{D89779C8-4B6E-4BFF-9B84-63AB1F88BEF5}.Release|x64.ActiveCfg = Release|Any CPU
		{D89779C8-4B6E-4BFF-9B84-63AB1F88BEF5}.Release|x64.Build.0 = Release|Any CPU
		{D89779C8-4B6E-4BFF-9B84-63AB1F88BEF5}.Release|x86.ActiveCfg = Release|Any CPU
		{D89779C8-4B6E-4BFF-9B84-63AB1F88BEF5}.Release|x86.Build.0 = Release|Any CPU
	EndGlobalSection
EndGlobal
